
Microsoft Visual Studio Solution File, Format Version 12.00
# Visual Studio 14
VisualStudioVersion = 14.0.25420.1
MinimumVisualStudioVersion = 10.0.40219.1
Project("{FAE04EC0-301F-11D3-BF4B-00C04F79EFBC}") = "MsCrmExtensions", "MsCrmExtensions\MsCrmExtensions.csproj", "{0FD54081-45D9-41C1-8732-13034BDBB8E6}"
EndProject
Project("{FAE04EC0-301F-11D3-BF4B-00C04F79EFBC}") = "MsCrmExtensions.Tests", "MsCrmExtensions.Tests\MsCrmExtensions.Tests.csproj", "{57AD9ED0-3237-44B4-BAB6-D80870CC46D9}"
EndProject
Global
	GlobalSection(SolutionConfigurationPlatforms) = preSolution
		Debug|Any CPU = Debug|Any CPU
		Release|Any CPU = Release|Any CPU
	EndGlobalSection
	GlobalSection(ProjectConfigurationPlatforms) = postSolution
		{0FD54081-45D9-41C1-8732-13034BDBB8E6}.Debug|Any CPU.ActiveCfg = Debug|Any CPU
		{0FD54081-45D9-41C1-8732-13034BDBB8E6}.Debug|Any CPU.Build.0 = Debug|Any CPU
		{0FD54081-45D9-41C1-8732-13034BDBB8E6}.Release|Any CPU.ActiveCfg = Release|Any CPU
		{0FD54081-45D9-41C1-8732-13034BDBB8E6}.Release|Any CPU.Build.0 = Release|Any CPU
		{57AD9ED0-3237-44B4-BAB6-D80870CC46D9}.Debug|Any CPU.ActiveCfg = Debug|Any CPU
		{57AD9ED0-3237-44B4-BAB6-D80870CC46D9}.Debug|Any CPU.Build.0 = Debug|Any CPU
		{57AD9ED0-3237-44B4-BAB6-D80870CC46D9}.Release|Any CPU.ActiveCfg = Release|Any CPU
		{57AD9ED0-3237-44B4-BAB6-D80870CC46D9}.Release|Any CPU.Build.0 = Release|Any CPU
	EndGlobalSection
	GlobalSection(SolutionProperties) = preSolution
		HideSolutionNode = FALSE
	EndGlobalSection
EndGlobal
